
Microsoft Visual Studio Solution File, Format Version 12.00
# Visual Studio Version 17
VisualStudioVersion = 17.4.33122.133
MinimumVisualStudioVersion = 10.0.40219.1
Project("{FAE04EC0-301F-11D3-BF4B-00C04F79EFBC}") = "Api", "Api\Api.csproj", "{83A11799-A21F-423C-A1CD-9FF6F1D1DDE3}"
EndProject
Project("{FAE04EC0-301F-11D3-BF4B-00C04F79EFBC}") = "Data", "Data\Data.csproj", "{173A3AEE-689A-4ED2-BDF4-0999E6C71F84}"
EndProject
Project("{FAE04EC0-301F-11D3-BF4B-00C04F79EFBC}") = "Core", "Core\Core.csproj", "{A4F6FF6D-B82E-4FAD-9ACF-4C9F13CB760F}"
EndProject
Global
	GlobalSection(SolutionConfigurationPlatforms) = preSolution
		Debug|Any CPU = Debug|Any CPU
		Release|Any CPU = Release|Any CPU
	EndGlobalSection
	GlobalSection(ProjectConfigurationPlatforms) = postSolution
		{83A11799-A21F-423C-A1CD-9FF6F1D1DDE3}.Debug|Any CPU.ActiveCfg = Debug|Any CPU
		{83A11799-A21F-423C-A1CD-9FF6F1D1DDE3}.Debug|Any CPU.Build.0 = Debug|Any CPU
		{83A11799-A21F-423C-A1CD-9FF6F1D1DDE3}.Release|Any CPU.ActiveCfg = Release|Any CPU
		{83A11799-A21F-423C-A1CD-9FF6F1D1DDE3}.Release|Any CPU.Build.0 = Release|Any CPU
		{173A3AEE-689A-4ED2-BDF4-0999E6C71F84}.Debug|Any CPU.ActiveCfg = Debug|Any CPU
		{173A3AEE-689A-4ED2-BDF4-0999E6C71F84}.Debug|Any CPU.Build.0 = Debug|Any CPU
		{173A3AEE-689A-4ED2-BDF4-0999E6C71F84}.Release|Any CPU.ActiveCfg = Release|Any CPU
		{173A3AEE-689A-4ED2-BDF4-0999E6C71F84}.Release|Any CPU.Build.0 = Release|Any CPU
		{A4F6FF6D-B82E-4FAD-9ACF-4C9F13CB760F}.Debug|Any CPU.ActiveCfg = Debug|Any CPU
		{A4F6FF6D-B82E-4FAD-9ACF-4C9F13CB760F}.Debug|Any CPU.Build.0 = Debug|Any CPU
		{A4F6FF6D-B82E-4FAD-9ACF-4C9F13CB760F}.Release|Any CPU.ActiveCfg = Release|Any CPU
		{A4F6FF6D-B82E-4FAD-9ACF-4C9F13CB760F}.Release|Any CPU.Build.0 = Release|Any CPU
	EndGlobalSection
	GlobalSection(SolutionProperties) = preSolution
		HideSolutionNode = FALSE
	EndGlobalSection
	GlobalSection(ExtensibilityGlobals) = postSolution
		SolutionGuid = {E3FD55AB-8FDB-4739-B089-A707DC61D1EC}
	EndGlobalSection
EndGlobal
